// !$*UTF8*$!
{
	archiveVersion = 1;
	classes = {
	};
	objectVersion = 56;
	objects = {

/* Begin PBXBuildFile section */
		ED07ADB72A4D9C4500985CBE /* RegisterViewModle.swift in Sources */ = {isa = PBXBuildFile; fileRef = ED07ADB62A4D9C4500985CBE /* RegisterViewModle.swift */; };
		ED07ADB92A4DA65300985CBE /* CategoriesViewModle.swift in Sources */ = {isa = PBXBuildFile; fileRef = ED07ADB82A4DA65300985CBE /* CategoriesViewModle.swift */; };
		ED88723B2A4436E600C0EDF9 /* AppDelegate.swift in Sources */ = {isa = PBXBuildFile; fileRef = ED88723A2A4436E600C0EDF9 /* AppDelegate.swift */; };
		ED88723D2A4436E600C0EDF9 /* SceneDelegate.swift in Sources */ = {isa = PBXBuildFile; fileRef = ED88723C2A4436E600C0EDF9 /* SceneDelegate.swift */; };
		ED88723F2A4436E600C0EDF9 /* RegisterViewController.swift in Sources */ = {isa = PBXBuildFile; fileRef = ED88723E2A4436E600C0EDF9 /* RegisterViewController.swift */; };
		ED8872422A4436E600C0EDF9 /* Main.storyboard in Resources */ = {isa = PBXBuildFile; fileRef = ED8872402A4436E600C0EDF9 /* Main.storyboard */; };
		ED8872442A4436E900C0EDF9 /* Assets.xcassets in Resources */ = {isa = PBXBuildFile; fileRef = ED8872432A4436E900C0EDF9 /* Assets.xcassets */; };
		ED8872472A4436E900C0EDF9 /* LaunchScreen.storyboard in Resources */ = {isa = PBXBuildFile; fileRef = ED8872452A4436E900C0EDF9 /* LaunchScreen.storyboard */; };
		ED8872512A4444A800C0EDF9 /* CategoriesViewController.swift in Sources */ = {isa = PBXBuildFile; fileRef = ED8872502A4444A800C0EDF9 /* CategoriesViewController.swift */; };
		ED8872552A445B2B00C0EDF9 /* DataService.swift in Sources */ = {isa = PBXBuildFile; fileRef = ED8872542A445B2B00C0EDF9 /* DataService.swift */; };
		EDFC8C7E2A4969C600BDC2F8 /* Model.swift in Sources */ = {isa = PBXBuildFile; fileRef = EDFC8C7D2A4969C600BDC2F8 /* Model.swift */; };
/* End PBXBuildFile section */

/* Begin PBXFileReference section */
		ED07ADB62A4D9C4500985CBE /* RegisterViewModle.swift */ = {isa = PBXFileReference; lastKnownFileType = sourcecode.swift; path = RegisterViewModle.swift; sourceTree = "<group>"; };
		ED07ADB82A4DA65300985CBE /* CategoriesViewModle.swift */ = {isa = PBXFileReference; lastKnownFileType = sourcecode.swift; path = CategoriesViewModle.swift; sourceTree = "<group>"; };
		ED8872372A4436E600C0EDF9 /* part2.app */ = {isa = PBXFileReference; explicitFileType = wrapper.application; includeInIndex = 0; path = part2.app; sourceTree = BUILT_PRODUCTS_DIR; };
		ED88723A2A4436E600C0EDF9 /* AppDelegate.swift */ = {isa = PBXFileReference; lastKnownFileType = sourcecode.swift; path = AppDelegate.swift; sourceTree = "<group>"; };
		ED88723C2A4436E600C0EDF9 /* SceneDelegate.swift */ = {isa = PBXFileReference; lastKnownFileType = sourcecode.swift; path = SceneDelegate.swift; sourceTree = "<group>"; };
		ED88723E2A4436E600C0EDF9 /* RegisterViewController.swift */ = {isa = PBXFileReference; lastKnownFileType = sourcecode.swift; path = RegisterViewController.swift; sourceTree = "<group>"; };
		ED8872412A4436E600C0EDF9 /* Base */ = {isa = PBXFileReference; lastKnownFileType = file.storyboard; name = Base; path = Base.lproj/Main.storyboard; sourceTree = "<group>"; };
		ED8872432A4436E900C0EDF9 /* Assets.xcassets */ = {isa = PBXFileReference; lastKnownFileType = folder.assetcatalog; path = Assets.xcassets; sourceTree = "<group>"; };
		ED8872462A4436E900C0EDF9 /* Base */ = {isa = PBXFileReference; lastKnownFileType = file.storyboard; name = Base; path = Base.lproj/LaunchScreen.storyboard; sourceTree = "<group>"; };
		ED8872482A4436E900C0EDF9 /* Info.plist */ = {isa = PBXFileReference; lastKnownFileType = text.plist.xml; path = Info.plist; sourceTree = "<group>"; };
		ED8872502A4444A800C0EDF9 /* CategoriesViewController.swift */ = {isa = PBXFileReference; lastKnownFileType = sourcecode.swift; path = CategoriesViewController.swift; sourceTree = "<group>"; };
		ED8872542A445B2B00C0EDF9 /* DataService.swift */ = {isa = PBXFileReference; fileEncoding = 4; lastKnownFileType = sourcecode.swift; path = DataService.swift; sourceTree = "<group>"; };
		EDFC8C7D2A4969C600BDC2F8 /* Model.swift */ = {isa = PBXFileReference; lastKnownFileType = sourcecode.swift; path = Model.swift; sourceTree = "<group>"; };
/* End PBXFileReference section */

/* Begin PBXFrameworksBuildPhase section */
		ED8872342A4436E600C0EDF9 /* Frameworks */ = {
			isa = PBXFrameworksBuildPhase;
			buildActionMask = 2147483647;
			files = (
			);
			runOnlyForDeploymentPostprocessing = 0;
		};
/* End PBXFrameworksBuildPhase section */

/* Begin PBXGroup section */
		ED07ADB52A4D9BE300985CBE /* viewModle */ = {
			isa = PBXGroup;
			children = (
				ED07ADB62A4D9C4500985CBE /* RegisterViewModle.swift */,
				ED07ADB82A4DA65300985CBE /* CategoriesViewModle.swift */,
			);
			path = viewModle;
			sourceTree = "<group>";
		};
		ED7B68A02A488095009FB4F1 /* network */ = {
			isa = PBXGroup;
			children = (
				ED8872542A445B2B00C0EDF9 /* DataService.swift */,
			);
			path = network;
			sourceTree = "<group>";
		};
		ED7B68A12A4880E0009FB4F1 /* viewControllers */ = {
			isa = PBXGroup;
			children = (
				ED88723E2A4436E600C0EDF9 /* RegisterViewController.swift */,
				ED8872502A4444A800C0EDF9 /* CategoriesViewController.swift */,
			);
			path = viewControllers;
			sourceTree = "<group>";
		};
		ED7B68A22A488118009FB4F1 /* model */ = {
			isa = PBXGroup;
			children = (
				EDFC8C7D2A4969C600BDC2F8 /* Model.swift */,
			);
			path = model;
			sourceTree = "<group>";
		};
		ED88722E2A4436E600C0EDF9 = {
			isa = PBXGroup;
			children = (
				ED8872392A4436E600C0EDF9 /* part2 */,
				ED8872382A4436E600C0EDF9 /* Products */,
			);
			sourceTree = "<group>";
		};
		ED8872382A4436E600C0EDF9 /* Products */ = {
			isa = PBXGroup;
			children = (
				ED8872372A4436E600C0EDF9 /* part2.app */,
			);
			name = Products;
			sourceTree = "<group>";
		};
		ED8872392A4436E600C0EDF9 /* part2 */ = {
			isa = PBXGroup;
			children = (
				ED07ADB52A4D9BE300985CBE /* viewModle */,
				ED7B68A02A488095009FB4F1 /* network */,
				ED88723A2A4436E600C0EDF9 /* AppDelegate.swift */,
				ED7B68A22A488118009FB4F1 /* model */,
				ED88723C2A4436E600C0EDF9 /* SceneDelegate.swift */,
				ED8872402A4436E600C0EDF9 /* Main.storyboard */,
				ED7B68A12A4880E0009FB4F1 /* viewControllers */,
				ED8872432A4436E900C0EDF9 /* Assets.xcassets */,
				ED8872452A4436E900C0EDF9 /* LaunchScreen.storyboard */,
				ED8872482A4436E900C0EDF9 /* Info.plist */,
			);
			path = part2;
			sourceTree = "<group>";
		};
/* End PBXGroup section */

/* Begin PBXNativeTarget section */
		ED8872362A4436E600C0EDF9 /* part2 */ = {
			isa = PBXNativeTarget;
			buildConfigurationList = ED88724B2A4436E900C0EDF9 /* Build configuration list for PBXNativeTarget "part2" */;
			buildPhases = (
				ED8872332A4436E600C0EDF9 /* Sources */,
				ED8872342A4436E600C0EDF9 /* Frameworks */,
				ED8872352A4436E600C0EDF9 /* Resources */,
			);
			buildRules = (
			);
			dependencies = (
			);
			name = part2;
			productName = part2;
			productReference = ED8872372A4436E600C0EDF9 /* part2.app */;
			productType = "com.apple.product-type.application";
		};
/* End PBXNativeTarget section */

/* Begin PBXProject section */
		ED88722F2A4436E600C0EDF9 /* Project object */ = {
			isa = PBXProject;
			attributes = {
				BuildIndependentTargetsInParallel = 1;
				LastSwiftUpdateCheck = 1430;
				LastUpgradeCheck = 1430;
				TargetAttributes = {
					ED8872362A4436E600C0EDF9 = {
						CreatedOnToolsVersion = 14.3.1;
					};
				};
			};
			buildConfigurationList = ED8872322A4436E600C0EDF9 /* Build configuration list for PBXProject "part2" */;
			compatibilityVersion = "Xcode 14.0";
			developmentRegion = en;
			hasScannedForEncodings = 0;
			knownRegions = (
				en,
				Base,
			);
			mainGroup = ED88722E2A4436E600C0EDF9;
			productRefGroup = ED8872382A4436E600C0EDF9 /* Products */;
			projectDirPath = "";
			projectRoot = "";
			targets = (
				ED8872362A4436E600C0EDF9 /* part2 */,
			);
		};
/* End PBXProject section */

/* Begin PBXResourcesBuildPhase section */
		ED8872352A4436E600C0EDF9 /* Resources */ = {
			isa = PBXResourcesBuildPhase;
			buildActionMask = 2147483647;
			files = (
				ED8872472A4436E900C0EDF9 /* LaunchScreen.storyboard in Resources */,
				ED8872442A4436E900C0EDF9 /* Assets.xcassets in Resources */,
				ED8872422A4436E600C0EDF9 /* Main.storyboard in Resources */,
			);
			runOnlyForDeploymentPostprocessing = 0;
		};
/* End PBXResourcesBuildPhase section */

/* Begin PBXSourcesBuildPhase section */
		ED8872332A4436E600C0EDF9 /* Sources */ = {
			isa = PBXSourcesBuildPhase;
			buildActionMask = 2147483647;
			files = (
				ED88723F2A4436E600C0EDF9 /* RegisterViewController.swift in Sources */,
				ED88723B2A4436E600C0EDF9 /* AppDelegate.swift in Sources */,
				ED07ADB72A4D9C4500985CBE /* RegisterViewModle.swift in Sources */,
				ED8872512A4444A800C0EDF9 /* CategoriesViewController.swift in Sources */,
				EDFC8C7E2A4969C600BDC2F8 /* Model.swift in Sources */,
				ED88723D2A4436E600C0EDF9 /* SceneDelegate.swift in Sources */,
				ED07ADB92A4DA65300985CBE /* CategoriesViewModle.swift in Sources */,
				ED8872552A445B2B00C0EDF9 /* DataService.swift in Sources */,
			);
			runOnlyForDeploymentPostprocessing = 0;
		};
/* End PBXSourcesBuildPhase section */

/* Begin PBXVariantGroup section */
		ED8872402A4436E600C0EDF9 /* Main.storyboard */ = {
			isa = PBXVariantGroup;
			children = (
				ED8872412A4436E600C0EDF9 /* Base */,
			);
			name = Main.storyboard;
			sourceTree = "<group>";
		};
		ED8872452A4436E900C0EDF9 /* LaunchScreen.storyboard */ = {
			isa = PBXVariantGroup;
			children = (
				ED8872462A4436E900C0EDF9 /* Base */,
			);
			name = LaunchScreen.storyboard;
			sourceTree = "<group>";
		};
/* End PBXVariantGroup section */

/* Begin XCBuildConfiguration section */
		ED8872492A4436E900C0EDF9 /* Debug */ = {
			isa = XCBuildConfiguration;
			buildSettings = {
				ALWAYS_SEARCH_USER_PATHS = NO;
				CLANG_ANALYZER_NONNULL = YES;
				CLANG_ANALYZER_NUMBER_OBJECT_CONVERSION = YES_AGGRESSIVE;
				CLANG_CXX_LANGUAGE_STANDARD = "gnu++20";
				CLANG_ENABLE_MODULES = YES;
				CLANG_ENABLE_OBJC_ARC = YES;
				CLANG_ENABLE_OBJC_WEAK = YES;
				CLANG_WARN_BLOCK_CAPTURE_AUTORELEASING = YES;
				CLANG_WARN_BOOL_CONVERSION = YES;
				CLANG_WARN_COMMA = YES;
				CLANG_WARN_CONSTANT_CONVERSION = YES;
				CLANG_WARN_DEPRECATED_OBJC_IMPLEMENTATIONS = YES;
				CLANG_WARN_DIRECT_OBJC_ISA_USAGE = YES_ERROR;
				CLANG_WARN_DOCUMENTATION_COMMENTS = YES;
				CLANG_WARN_EMPTY_BODY = YES;
				CLANG_WARN_ENUM_CONVERSION = YES;
				CLANG_WARN_INFINITE_RECURSION = YES;
				CLANG_WARN_INT_CONVERSION = YES;
				CLANG_WARN_NON_LITERAL_NULL_CONVERSION = YES;
				CLANG_WARN_OBJC_IMPLICIT_RETAIN_SELF = YES;
				CLANG_WARN_OBJC_LITERAL_CONVERSION = YES;
				CLANG_WARN_OBJC_ROOT_CLASS = YES_ERROR;
				CLANG_WARN_QUOTED_INCLUDE_IN_FRAMEWORK_HEADER = YES;
				CLANG_WARN_RANGE_LOOP_ANALYSIS = YES;
				CLANG_WARN_STRICT_PROTOTYPES = YES;
				CLANG_WARN_SUSPICIOUS_MOVE = YES;
				CLANG_WARN_UNGUARDED_AVAILABILITY = YES_AGGRESSIVE;
				CLANG_WARN_UNREACHABLE_CODE = YES;
				CLANG_WARN__DUPLICATE_METHOD_MATCH = YES;
				COPY_PHASE_STRIP = NO;
				DEBUG_INFORMATION_FORMAT = dwarf;
				ENABLE_STRICT_OBJC_MSGSEND = YES;
				ENABLE_TESTABILITY = YES;
				GCC_C_LANGUAGE_STANDARD = gnu11;
				GCC_DYNAMIC_NO_PIC = NO;
				GCC_NO_COMMON_BLOCKS = YES;
				GCC_OPTIMIZATION_LEVEL = 0;
				GCC_PREPROCESSOR_DEFINITIONS = (
					"DEBUG=1",
					"$(inherited)",
				);
				GCC_WARN_64_TO_32_BIT_CONVERSION = YES;
				GCC_WARN_ABOUT_RETURN_TYPE = YES_ERROR;
				GCC_WARN_UNDECLARED_SELECTOR = YES;
				GCC_WARN_UNINITIALIZED_AUTOS = YES_AGGRESSIVE;
				GCC_WARN_UNUSED_FUNCTION = YES;
				GCC_WARN_UNUSED_VARIABLE = YES;
				IPHONEOS_DEPLOYMENT_TARGET = 16.4;
				MTL_ENABLE_DEBUG_INFO = INCLUDE_SOURCE;
				MTL_FAST_MATH = YES;
				ONLY_ACTIVE_ARCH = YES;
				SDKROOT = iphoneos;
				SWIFT_ACTIVE_COMPILATION_CONDITIONS = DEBUG;
				SWIFT_OPTIMIZATION_LEVEL = "-Onone";
			};
			name = Debug;
		};
		ED88724A2A4436E900C0EDF9 /* Release */ = {
			isa = XCBuildConfiguration;
			buildSettings = {
				ALWAYS_SEARCH_USER_PATHS = NO;
				CLANG_ANALYZER_NONNULL = YES;
				CLANG_ANALYZER_NUMBER_OBJECT_CONVERSION = YES_AGGRESSIVE;
				CLANG_CXX_LANGUAGE_STANDARD = "gnu++20";
				CLANG_ENABLE_MODULES = YES;
				CLANG_ENABLE_OBJC_ARC = YES;
				CLANG_ENABLE_OBJC_WEAK = YES;
				CLANG_WARN_BLOCK_CAPTURE_AUTORELEASING = YES;
				CLANG_WARN_BOOL_CONVERSION = YES;
				CLANG_WARN_COMMA = YES;
				CLANG_WARN_CONSTANT_CONVERSION = YES;
				CLANG_WARN_DEPRECATED_OBJC_IMPLEMENTATIONS = YES;
				CLANG_WARN_DIRECT_OBJC_ISA_USAGE = YES_ERROR;
				CLANG_WARN_DOCUMENTATION_COMMENTS = YES;
				CLANG_WARN_EMPTY_BODY = YES;
				CLANG_WARN_ENUM_CONVERSION = YES;
				CLANG_WARN_INFINITE_RECURSION = YES;
				CLANG_WARN_INT_CONVERSION = YES;
				CLANG_WARN_NON_LITERAL_NULL_CONVERSION = YES;
				CLANG_WARN_OBJC_IMPLICIT_RETAIN_SELF = YES;
				CLANG_WARN_OBJC_LITERAL_CONVERSION = YES;
				CLANG_WARN_OBJC_ROOT_CLASS = YES_ERROR;
				CLANG_WARN_QUOTED_INCLUDE_IN_FRAMEWORK_HEADER = YES;
				CLANG_WARN_RANGE_LOOP_ANALYSIS = YES;
				CLANG_WARN_STRICT_PROTOTYPES = YES;
				CLANG_WARN_SUSPICIOUS_MOVE = YES;
				CLANG_WARN_UNGUARDED_AVAILABILITY = YES_AGGRESSIVE;
				CLANG_WARN_UNREACHABLE_CODE = YES;
				CLANG_WARN__DUPLICATE_METHOD_MATCH = YES;
				COPY_PHASE_STRIP = NO;
				DEBUG_INFORMATION_FORMAT = "dwarf-with-dsym";
				ENABLE_NS_ASSERTIONS = NO;
				ENABLE_STRICT_OBJC_MSGSEND = YES;
				GCC_C_LANGUAGE_STANDARD = gnu11;
				GCC_NO_COMMON_BLOCKS = YES;
				GCC_WARN_64_TO_32_BIT_CONVERSION = YES;
				GCC_WARN_ABOUT_RETURN_TYPE = YES_ERROR;
				GCC_WARN_UNDECLARED_SELECTOR = YES;
				GCC_WARN_UNINITIALIZED_AUTOS = YES_AGGRESSIVE;
				GCC_WARN_UNUSED_FUNCTION = YES;
				GCC_WARN_UNUSED_VARIABLE = YES;
				IPHONEOS_DEPLOYMENT_TARGET = 16.4;
				MTL_ENABLE_DEBUG_INFO = NO;
				MTL_FAST_MATH = YES;
				SDKROOT = iphoneos;
				SWIFT_COMPILATION_MODE = wholemodule;
				SWIFT_OPTIMIZATION_LEVEL = "-O";
				VALIDATE_PRODUCT = YES;
			};
			name = Release;
		};
		ED88724C2A4436E900C0EDF9 /* Debug */ = {
			isa = XCBuildConfiguration;
			buildSettings = {
				ASSETCATALOG_COMPILER_APPICON_NAME = AppIcon;
				ASSETCATALOG_COMPILER_GLOBAL_ACCENT_COLOR_NAME = AccentColor;
				CODE_SIGN_STYLE = Automatic;
				CURRENT_PROJECT_VERSION = 1;
				GENERATE_INFOPLIST_FILE = YES;
				INFOPLIST_FILE = part2/Info.plist;
				INFOPLIST_KEY_UIApplicationSupportsIndirectInputEvents = YES;
				INFOPLIST_KEY_UILaunchStoryboardName = LaunchScreen;
				INFOPLIST_KEY_UIMainStoryboardFile = Main;
				INFOPLIST_KEY_UISupportedInterfaceOrientations_iPad = "UIInterfaceOrientationPortrait UIInterfaceOrientationPortraitUpsideDown UIInterfaceOrientationLandscapeLeft UIInterfaceOrientationLandscapeRight";
				INFOPLIST_KEY_UISupportedInterfaceOrientations_iPhone = "UIInterfaceOrientationPortrait UIInterfaceOrientationLandscapeLeft UIInterfaceOrientationLandscapeRight";
				IPHONEOS_DEPLOYMENT_TARGET = 15.0;
				LD_RUNPATH_SEARCH_PATHS = (
					"$(inherited)",
					"@executable_path/Frameworks",
				);
				MARKETING_VERSION = 1.0;
				PRODUCT_BUNDLE_IDENTIFIER = Exercises.part2;
				PRODUCT_NAME = "$(TARGET_NAME)";
				SWIFT_EMIT_LOC_STRINGS = YES;
				SWIFT_VERSION = 5.0;
				TARGETED_DEVICE_FAMILY = "1,2";
			};
			name = Debug;
		};
		ED88724D2A4436E900C0EDF9 /* Release */ = {
			isa = XCBuildConfiguration;
			buildSettings = {
				ASSETCATALOG_COMPILER_APPICON_NAME = AppIcon;
				ASSETCATALOG_COMPILER_GLOBAL_ACCENT_COLOR_NAME = AccentColor;
				CODE_SIGN_STYLE = Automatic;
				CURRENT_PROJECT_VERSION = 1;
				GENERATE_INFOPLIST_FILE = YES;
				INFOPLIST_FILE = part2/Info.plist;
				INFOPLIST_KEY_UIApplicationSupportsIndirectInputEvents = YES;
				INFOPLIST_KEY_UILaunchStoryboardName = LaunchScreen;
				INFOPLIST_KEY_UIMainStoryboardFile = Main;
				INFOPLIST_KEY_UISupportedInterfaceOrientations_iPad = "UIInterfaceOrientationPortrait UIInterfaceOrientationPortraitUpsideDown UIInterfaceOrientationLandscapeLeft UIInterfaceOrientationLandscapeRight";
				INFOPLIST_KEY_UISupportedInterfaceOrientations_iPhone = "UIInterfaceOrientationPortrait UIInterfaceOrientationLandscapeLeft UIInterfaceOrientationLandscapeRight";
				IPHONEOS_DEPLOYMENT_TARGET = 15.0;
				LD_RUNPATH_SEARCH_PATHS = (
					"$(inherited)",
					"@executable_path/Frameworks",
				);
				MARKETING_VERSION = 1.0;
				PRODUCT_BUNDLE_IDENTIFIER = Exercises.part2;
				PRODUCT_NAME = "$(TARGET_NAME)";
				SWIFT_EMIT_LOC_STRINGS = YES;
				SWIFT_VERSION = 5.0;
				TARGETED_DEVICE_FAMILY = "1,2";
			};
			name = Release;
		};
/* End XCBuildConfiguration section */

/* Begin XCConfigurationList section */
		ED8872322A4436E600C0EDF9 /* Build configuration list for PBXProject "part2" */ = {
			isa = XCConfigurationList;
			buildConfigurations = (
				ED8872492A4436E900C0EDF9 /* Debug */,
				ED88724A2A4436E900C0EDF9 /* Release */,
			);
			defaultConfigurationIsVisible = 0;
			defaultConfigurationName = Release;
		};
		ED88724B2A4436E900C0EDF9 /* Build configuration list for PBXNativeTarget "part2" */ = {
			isa = XCConfigurationList;
			buildConfigurations = (
				ED88724C2A4436E900C0EDF9 /* Debug */,
				ED88724D2A4436E900C0EDF9 /* Release */,
			);
			defaultConfigurationIsVisible = 0;
			defaultConfigurationName = Release;
		};
/* End XCConfigurationList section */
	};
	rootObject = ED88722F2A4436E600C0EDF9 /* Project object */;
}
