// !$*UTF8*$!
{
	archiveVersion = 1;
	classes = {
	};
	objectVersion = 56;
	objects = {

/* Begin PBXBuildFile section */
		ED1327632A3EEAAA004FF42F /* AppDelegate.swift in Sources */ = {isa = PBXBuildFile; fileRef = ED1327622A3EEAAA004FF42F /* AppDelegate.swift */; };
		ED1327652A3EEAAA004FF42F /* SceneDelegate.swift in Sources */ = {isa = PBXBuildFile; fileRef = ED1327642A3EEAAA004FF42F /* SceneDelegate.swift */; };
		ED1327672A3EEAAA004FF42F /* TodoViewController.swift in Sources */ = {isa = PBXBuildFile; fileRef = ED1327662A3EEAAA004FF42F /* TodoViewController.swift */; };
		ED13276A2A3EEAAA004FF42F /* Main.storyboard in Resources */ = {isa = PBXBuildFile; fileRef = ED1327682A3EEAAA004FF42F /* Main.storyboard */; };
		ED13276C2A3EEAAC004FF42F /* Assets.xcassets in Resources */ = {isa = PBXBuildFile; fileRef = ED13276B2A3EEAAC004FF42F /* Assets.xcassets */; };
		ED13276F2A3EEAAC004FF42F /* LaunchScreen.storyboard in Resources */ = {isa = PBXBuildFile; fileRef = ED13276D2A3EEAAC004FF42F /* LaunchScreen.storyboard */; };
		ED3109CC2A41E8DC000F2BEB /* Todo.xcdatamodeld in Sources */ = {isa = PBXBuildFile; fileRef = ED3109CA2A41E8DC000F2BEB /* Todo.xcdatamodeld */; };
		ED982B3D2A3F2E4700E7A276 /* TodoCollectionViewCell.swift in Sources */ = {isa = PBXBuildFile; fileRef = ED982B3C2A3F2E4700E7A276 /* TodoCollectionViewCell.swift */; };
/* End PBXBuildFile section */

/* Begin PBXFileReference section */
		ED13275F2A3EEAAA004FF42F /* TODO List App.app */ = {isa = PBXFileReference; explicitFileType = wrapper.application; includeInIndex = 0; path = "TODO List App.app"; sourceTree = BUILT_PRODUCTS_DIR; };
		ED1327622A3EEAAA004FF42F /* AppDelegate.swift */ = {isa = PBXFileReference; lastKnownFileType = sourcecode.swift; path = AppDelegate.swift; sourceTree = "<group>"; };
		ED1327642A3EEAAA004FF42F /* SceneDelegate.swift */ = {isa = PBXFileReference; lastKnownFileType = sourcecode.swift; path = SceneDelegate.swift; sourceTree = "<group>"; };
		ED1327662A3EEAAA004FF42F /* TodoViewController.swift */ = {isa = PBXFileReference; lastKnownFileType = sourcecode.swift; path = TodoViewController.swift; sourceTree = "<group>"; };
		ED1327692A3EEAAA004FF42F /* Base */ = {isa = PBXFileReference; lastKnownFileType = file.storyboard; name = Base; path = Base.lproj/Main.storyboard; sourceTree = "<group>"; };
		ED13276B2A3EEAAC004FF42F /* Assets.xcassets */ = {isa = PBXFileReference; lastKnownFileType = folder.assetcatalog; path = Assets.xcassets; sourceTree = "<group>"; };
		ED13276E2A3EEAAC004FF42F /* Base */ = {isa = PBXFileReference; lastKnownFileType = file.storyboard; name = Base; path = Base.lproj/LaunchScreen.storyboard; sourceTree = "<group>"; };
		ED1327702A3EEAAC004FF42F /* Info.plist */ = {isa = PBXFileReference; lastKnownFileType = text.plist.xml; path = Info.plist; sourceTree = "<group>"; };
		ED3109CB2A41E8DC000F2BEB /* Todo.xcdatamodel */ = {isa = PBXFileReference; lastKnownFileType = wrapper.xcdatamodel; path = Todo.xcdatamodel; sourceTree = "<group>"; };
		ED982B3C2A3F2E4700E7A276 /* TodoCollectionViewCell.swift */ = {isa = PBXFileReference; lastKnownFileType = sourcecode.swift; path = TodoCollectionViewCell.swift; sourceTree = "<group>"; };
/* End PBXFileReference section */

/* Begin PBXFrameworksBuildPhase section */
		ED13275C2A3EEAAA004FF42F /* Frameworks */ = {
			isa = PBXFrameworksBuildPhase;
			buildActionMask = 2147483647;
			files = (
			);
			runOnlyForDeploymentPostprocessing = 0;
		};
/* End PBXFrameworksBuildPhase section */

/* Begin PBXGroup section */
		ED01CE6A2A41EC230072C736 /* Model */ = {
			isa = PBXGroup;
			children = (
				ED3109CA2A41E8DC000F2BEB /* Todo.xcdatamodeld */,
			);
			path = Model;
			sourceTree = "<group>";
		};
		ED01CE6B2A41EC4D0072C736 /* View Contrllers */ = {
			isa = PBXGroup;
			children = (
				ED1327662A3EEAAA004FF42F /* TodoViewController.swift */,
				ED982B3C2A3F2E4700E7A276 /* TodoCollectionViewCell.swift */,
			);
			path = "View Contrllers";
			sourceTree = "<group>";
		};
		ED1327562A3EEAAA004FF42F = {
			isa = PBXGroup;
			children = (
				ED1327612A3EEAAA004FF42F /* TODO List App */,
				ED1327602A3EEAAA004FF42F /* Products */,
			);
			sourceTree = "<group>";
		};
		ED1327602A3EEAAA004FF42F /* Products */ = {
			isa = PBXGroup;
			children = (
				ED13275F2A3EEAAA004FF42F /* TODO List App.app */,
			);
			name = Products;
			sourceTree = "<group>";
		};
		ED1327612A3EEAAA004FF42F /* TODO List App */ = {
			isa = PBXGroup;
			children = (
				ED01CE6A2A41EC230072C736 /* Model */,
				ED1327622A3EEAAA004FF42F /* AppDelegate.swift */,
				ED1327642A3EEAAA004FF42F /* SceneDelegate.swift */,
				ED01CE6B2A41EC4D0072C736 /* View Contrllers */,
				ED1327682A3EEAAA004FF42F /* Main.storyboard */,
				ED13276B2A3EEAAC004FF42F /* Assets.xcassets */,
				ED13276D2A3EEAAC004FF42F /* LaunchScreen.storyboard */,
				ED1327702A3EEAAC004FF42F /* Info.plist */,
			);
			path = "TODO List App";
			sourceTree = "<group>";
		};
/* End PBXGroup section */

/* Begin PBXNativeTarget section */
		ED13275E2A3EEAAA004FF42F /* TODO List App */ = {
			isa = PBXNativeTarget;
			buildConfigurationList = ED1327732A3EEAAC004FF42F /* Build configuration list for PBXNativeTarget "TODO List App" */;
			buildPhases = (
				ED13275B2A3EEAAA004FF42F /* Sources */,
				ED13275C2A3EEAAA004FF42F /* Frameworks */,
				ED13275D2A3EEAAA004FF42F /* Resources */,
			);
			buildRules = (
			);
			dependencies = (
			);
			name = "TODO List App";
			productName = "TODO List App";
			productReference = ED13275F2A3EEAAA004FF42F /* TODO List App.app */;
			productType = "com.apple.product-type.application";
		};
/* End PBXNativeTarget section */

/* Begin PBXProject section */
		ED1327572A3EEAAA004FF42F /* Project object */ = {
			isa = PBXProject;
			attributes = {
				BuildIndependentTargetsInParallel = 1;
				LastSwiftUpdateCheck = 1430;
				LastUpgradeCheck = 1430;
				TargetAttributes = {
					ED13275E2A3EEAAA004FF42F = {
						CreatedOnToolsVersion = 14.3.1;
					};
				};
			};
			buildConfigurationList = ED13275A2A3EEAAA004FF42F /* Build configuration list for PBXProject "TODO List App" */;
			compatibilityVersion = "Xcode 14.0";
			developmentRegion = en;
			hasScannedForEncodings = 0;
			knownRegions = (
				en,
				Base,
			);
			mainGroup = ED1327562A3EEAAA004FF42F;
			productRefGroup = ED1327602A3EEAAA004FF42F /* Products */;
			projectDirPath = "";
			projectRoot = "";
			targets = (
				ED13275E2A3EEAAA004FF42F /* TODO List App */,
			);
		};
/* End PBXProject section */

/* Begin PBXResourcesBuildPhase section */
		ED13275D2A3EEAAA004FF42F /* Resources */ = {
			isa = PBXResourcesBuildPhase;
			buildActionMask = 2147483647;
			files = (
				ED13276F2A3EEAAC004FF42F /* LaunchScreen.storyboard in Resources */,
				ED13276C2A3EEAAC004FF42F /* Assets.xcassets in Resources */,
				ED13276A2A3EEAAA004FF42F /* Main.storyboard in Resources */,
			);
			runOnlyForDeploymentPostprocessing = 0;
		};
/* End PBXResourcesBuildPhase section */

/* Begin PBXSourcesBuildPhase section */
		ED13275B2A3EEAAA004FF42F /* Sources */ = {
			isa = PBXSourcesBuildPhase;
			buildActionMask = 2147483647;
			files = (
				ED982B3D2A3F2E4700E7A276 /* TodoCollectionViewCell.swift in Sources */,
				ED3109CC2A41E8DC000F2BEB /* Todo.xcdatamodeld in Sources */,
				ED1327672A3EEAAA004FF42F /* TodoViewController.swift in Sources */,
				ED1327632A3EEAAA004FF42F /* AppDelegate.swift in Sources */,
				ED1327652A3EEAAA004FF42F /* SceneDelegate.swift in Sources */,
			);
			runOnlyForDeploymentPostprocessing = 0;
		};
/* End PBXSourcesBuildPhase section */

/* Begin PBXVariantGroup section */
		ED1327682A3EEAAA004FF42F /* Main.storyboard */ = {
			isa = PBXVariantGroup;
			children = (
				ED1327692A3EEAAA004FF42F /* Base */,
			);
			name = Main.storyboard;
			sourceTree = "<group>";
		};
		ED13276D2A3EEAAC004FF42F /* LaunchScreen.storyboard */ = {
			isa = PBXVariantGroup;
			children = (
				ED13276E2A3EEAAC004FF42F /* Base */,
			);
			name = LaunchScreen.storyboard;
			sourceTree = "<group>";
		};
/* End PBXVariantGroup section */

/* Begin XCBuildConfiguration section */
		ED1327712A3EEAAC004FF42F /* Debug */ = {
			isa = XCBuildConfiguration;
			buildSettings = {
				ALWAYS_SEARCH_USER_PATHS = NO;
				CLANG_ANALYZER_NONNULL = YES;
				CLANG_ANALYZER_NUMBER_OBJECT_CONVERSION = YES_AGGRESSIVE;
				CLANG_CXX_LANGUAGE_STANDARD = "gnu++20";
				CLANG_ENABLE_MODULES = YES;
				CLANG_ENABLE_OBJC_ARC = YES;
				CLANG_ENABLE_OBJC_WEAK = YES;
				CLANG_WARN_BLOCK_CAPTURE_AUTORELEASING = YES;
				CLANG_WARN_BOOL_CONVERSION = YES;
				CLANG_WARN_COMMA = YES;
				CLANG_WARN_CONSTANT_CONVERSION = YES;
				CLANG_WARN_DEPRECATED_OBJC_IMPLEMENTATIONS = YES;
				CLANG_WARN_DIRECT_OBJC_ISA_USAGE = YES_ERROR;
				CLANG_WARN_DOCUMENTATION_COMMENTS = YES;
				CLANG_WARN_EMPTY_BODY = YES;
				CLANG_WARN_ENUM_CONVERSION = YES;
				CLANG_WARN_INFINITE_RECURSION = YES;
				CLANG_WARN_INT_CONVERSION = YES;
				CLANG_WARN_NON_LITERAL_NULL_CONVERSION = YES;
				CLANG_WARN_OBJC_IMPLICIT_RETAIN_SELF = YES;
				CLANG_WARN_OBJC_LITERAL_CONVERSION = YES;
				CLANG_WARN_OBJC_ROOT_CLASS = YES_ERROR;
				CLANG_WARN_QUOTED_INCLUDE_IN_FRAMEWORK_HEADER = YES;
				CLANG_WARN_RANGE_LOOP_ANALYSIS = YES;
				CLANG_WARN_STRICT_PROTOTYPES = YES;
				CLANG_WARN_SUSPICIOUS_MOVE = YES;
				CLANG_WARN_UNGUARDED_AVAILABILITY = YES_AGGRESSIVE;
				CLANG_WARN_UNREACHABLE_CODE = YES;
				CLANG_WARN__DUPLICATE_METHOD_MATCH = YES;
				COPY_PHASE_STRIP = NO;
				DEBUG_INFORMATION_FORMAT = dwarf;
				ENABLE_STRICT_OBJC_MSGSEND = YES;
				ENABLE_TESTABILITY = YES;
				GCC_C_LANGUAGE_STANDARD = gnu11;
				GCC_DYNAMIC_NO_PIC = NO;
				GCC_NO_COMMON_BLOCKS = YES;
				GCC_OPTIMIZATION_LEVEL = 0;
				GCC_PREPROCESSOR_DEFINITIONS = (
					"DEBUG=1",
					"$(inherited)",
				);
				GCC_WARN_64_TO_32_BIT_CONVERSION = YES;
				GCC_WARN_ABOUT_RETURN_TYPE = YES_ERROR;
				GCC_WARN_UNDECLARED_SELECTOR = YES;
				GCC_WARN_UNINITIALIZED_AUTOS = YES_AGGRESSIVE;
				GCC_WARN_UNUSED_FUNCTION = YES;
				GCC_WARN_UNUSED_VARIABLE = YES;
				IPHONEOS_DEPLOYMENT_TARGET = 16.4;
				MTL_ENABLE_DEBUG_INFO = INCLUDE_SOURCE;
				MTL_FAST_MATH = YES;
				ONLY_ACTIVE_ARCH = YES;
				SDKROOT = iphoneos;
				SWIFT_ACTIVE_COMPILATION_CONDITIONS = DEBUG;
				SWIFT_OPTIMIZATION_LEVEL = "-Onone";
			};
			name = Debug;
		};
		ED1327722A3EEAAC004FF42F /* Release */ = {
			isa = XCBuildConfiguration;
			buildSettings = {
				ALWAYS_SEARCH_USER_PATHS = NO;
				CLANG_ANALYZER_NONNULL = YES;
				CLANG_ANALYZER_NUMBER_OBJECT_CONVERSION = YES_AGGRESSIVE;
				CLANG_CXX_LANGUAGE_STANDARD = "gnu++20";
				CLANG_ENABLE_MODULES = YES;
				CLANG_ENABLE_OBJC_ARC = YES;
				CLANG_ENABLE_OBJC_WEAK = YES;
				CLANG_WARN_BLOCK_CAPTURE_AUTORELEASING = YES;
				CLANG_WARN_BOOL_CONVERSION = YES;
				CLANG_WARN_COMMA = YES;
				CLANG_WARN_CONSTANT_CONVERSION = YES;
				CLANG_WARN_DEPRECATED_OBJC_IMPLEMENTATIONS = YES;
				CLANG_WARN_DIRECT_OBJC_ISA_USAGE = YES_ERROR;
				CLANG_WARN_DOCUMENTATION_COMMENTS = YES;
				CLANG_WARN_EMPTY_BODY = YES;
				CLANG_WARN_ENUM_CONVERSION = YES;
				CLANG_WARN_INFINITE_RECURSION = YES;
				CLANG_WARN_INT_CONVERSION = YES;
				CLANG_WARN_NON_LITERAL_NULL_CONVERSION = YES;
				CLANG_WARN_OBJC_IMPLICIT_RETAIN_SELF = YES;
				CLANG_WARN_OBJC_LITERAL_CONVERSION = YES;
				CLANG_WARN_OBJC_ROOT_CLASS = YES_ERROR;
				CLANG_WARN_QUOTED_INCLUDE_IN_FRAMEWORK_HEADER = YES;
				CLANG_WARN_RANGE_LOOP_ANALYSIS = YES;
				CLANG_WARN_STRICT_PROTOTYPES = YES;
				CLANG_WARN_SUSPICIOUS_MOVE = YES;
				CLANG_WARN_UNGUARDED_AVAILABILITY = YES_AGGRESSIVE;
				CLANG_WARN_UNREACHABLE_CODE = YES;
				CLANG_WARN__DUPLICATE_METHOD_MATCH = YES;
				COPY_PHASE_STRIP = NO;
				DEBUG_INFORMATION_FORMAT = "dwarf-with-dsym";
				ENABLE_NS_ASSERTIONS = NO;
				ENABLE_STRICT_OBJC_MSGSEND = YES;
				GCC_C_LANGUAGE_STANDARD = gnu11;
				GCC_NO_COMMON_BLOCKS = YES;
				GCC_WARN_64_TO_32_BIT_CONVERSION = YES;
				GCC_WARN_ABOUT_RETURN_TYPE = YES_ERROR;
				GCC_WARN_UNDECLARED_SELECTOR = YES;
				GCC_WARN_UNINITIALIZED_AUTOS = YES_AGGRESSIVE;
				GCC_WARN_UNUSED_FUNCTION = YES;
				GCC_WARN_UNUSED_VARIABLE = YES;
				IPHONEOS_DEPLOYMENT_TARGET = 16.4;
				MTL_ENABLE_DEBUG_INFO = NO;
				MTL_FAST_MATH = YES;
				SDKROOT = iphoneos;
				SWIFT_COMPILATION_MODE = wholemodule;
				SWIFT_OPTIMIZATION_LEVEL = "-O";
				VALIDATE_PRODUCT = YES;
			};
			name = Release;
		};
		ED1327742A3EEAAC004FF42F /* Debug */ = {
			isa = XCBuildConfiguration;
			buildSettings = {
				ASSETCATALOG_COMPILER_APPICON_NAME = AppIcon;
				ASSETCATALOG_COMPILER_GLOBAL_ACCENT_COLOR_NAME = AccentColor;
				CODE_SIGN_STYLE = Automatic;
				CURRENT_PROJECT_VERSION = 1;
				GENERATE_INFOPLIST_FILE = YES;
				INFOPLIST_FILE = "TODO List App/Info.plist";
				INFOPLIST_KEY_UIApplicationSupportsIndirectInputEvents = YES;
				INFOPLIST_KEY_UILaunchStoryboardName = LaunchScreen;
				INFOPLIST_KEY_UIMainStoryboardFile = Main;
				INFOPLIST_KEY_UISupportedInterfaceOrientations_iPad = "UIInterfaceOrientationPortrait UIInterfaceOrientationPortraitUpsideDown UIInterfaceOrientationLandscapeLeft UIInterfaceOrientationLandscapeRight";
				INFOPLIST_KEY_UISupportedInterfaceOrientations_iPhone = "UIInterfaceOrientationPortrait UIInterfaceOrientationLandscapeLeft UIInterfaceOrientationLandscapeRight";
				IPHONEOS_DEPLOYMENT_TARGET = 14.0;
				LD_RUNPATH_SEARCH_PATHS = (
					"$(inherited)",
					"@executable_path/Frameworks",
				);
				MARKETING_VERSION = 1.0;
				PRODUCT_BUNDLE_IDENTIFIER = "Exercises.TODO-List-App";
				PRODUCT_NAME = "$(TARGET_NAME)";
				SWIFT_EMIT_LOC_STRINGS = YES;
				SWIFT_VERSION = 5.0;
				TARGETED_DEVICE_FAMILY = "1,2";
			};
			name = Debug;
		};
		ED1327752A3EEAAC004FF42F /* Release */ = {
			isa = XCBuildConfiguration;
			buildSettings = {
				ASSETCATALOG_COMPILER_APPICON_NAME = AppIcon;
				ASSETCATALOG_COMPILER_GLOBAL_ACCENT_COLOR_NAME = AccentColor;
				CODE_SIGN_STYLE = Automatic;
				CURRENT_PROJECT_VERSION = 1;
				GENERATE_INFOPLIST_FILE = YES;
				INFOPLIST_FILE = "TODO List App/Info.plist";
				INFOPLIST_KEY_UIApplicationSupportsIndirectInputEvents = YES;
				INFOPLIST_KEY_UILaunchStoryboardName = LaunchScreen;
				INFOPLIST_KEY_UIMainStoryboardFile = Main;
				INFOPLIST_KEY_UISupportedInterfaceOrientations_iPad = "UIInterfaceOrientationPortrait UIInterfaceOrientationPortraitUpsideDown UIInterfaceOrientationLandscapeLeft UIInterfaceOrientationLandscapeRight";
				INFOPLIST_KEY_UISupportedInterfaceOrientations_iPhone = "UIInterfaceOrientationPortrait UIInterfaceOrientationLandscapeLeft UIInterfaceOrientationLandscapeRight";
				IPHONEOS_DEPLOYMENT_TARGET = 14.0;
				LD_RUNPATH_SEARCH_PATHS = (
					"$(inherited)",
					"@executable_path/Frameworks",
				);
				MARKETING_VERSION = 1.0;
				PRODUCT_BUNDLE_IDENTIFIER = "Exercises.TODO-List-App";
				PRODUCT_NAME = "$(TARGET_NAME)";
				SWIFT_EMIT_LOC_STRINGS = YES;
				SWIFT_VERSION = 5.0;
				TARGETED_DEVICE_FAMILY = "1,2";
			};
			name = Release;
		};
/* End XCBuildConfiguration section */

/* Begin XCConfigurationList section */
		ED13275A2A3EEAAA004FF42F /* Build configuration list for PBXProject "TODO List App" */ = {
			isa = XCConfigurationList;
			buildConfigurations = (
				ED1327712A3EEAAC004FF42F /* Debug */,
				ED1327722A3EEAAC004FF42F /* Release */,
			);
			defaultConfigurationIsVisible = 0;
			defaultConfigurationName = Release;
		};
		ED1327732A3EEAAC004FF42F /* Build configuration list for PBXNativeTarget "TODO List App" */ = {
			isa = XCConfigurationList;
			buildConfigurations = (
				ED1327742A3EEAAC004FF42F /* Debug */,
				ED1327752A3EEAAC004FF42F /* Release */,
			);
			defaultConfigurationIsVisible = 0;
			defaultConfigurationName = Release;
		};
/* End XCConfigurationList section */

/* Begin XCVersionGroup section */
		ED3109CA2A41E8DC000F2BEB /* Todo.xcdatamodeld */ = {
			isa = XCVersionGroup;
			children = (
				ED3109CB2A41E8DC000F2BEB /* Todo.xcdatamodel */,
			);
			currentVersion = ED3109CB2A41E8DC000F2BEB /* Todo.xcdatamodel */;
			path = Todo.xcdatamodeld;
			sourceTree = "<group>";
			versionGroupType = wrapper.xcdatamodel;
		};
/* End XCVersionGroup section */
	};
	rootObject = ED1327572A3EEAAA004FF42F /* Project object */;
}
