// !$*UTF8*$!
{
	archiveVersion = 1;
	classes = {
	};
	objectVersion = 56;
	objects = {

/* Begin PBXBuildFile section */
		EDC873492A4AC85E00118CDF /* BlogPostSwiftUI.swift in Sources */ = {isa = PBXBuildFile; fileRef = EDC873482A4AC85E00118CDF /* BlogPostSwiftUI.swift */; };
		EDC8734B2A4AC85E00118CDF /* TitleView.swift in Sources */ = {isa = PBXBuildFile; fileRef = EDC8734A2A4AC85E00118CDF /* TitleView.swift */; };
		EDC8734D2A4AC86100118CDF /* Assets.xcassets in Resources */ = {isa = PBXBuildFile; fileRef = EDC8734C2A4AC86100118CDF /* Assets.xcassets */; };
		EDC873502A4AC86100118CDF /* Preview Assets.xcassets in Resources */ = {isa = PBXBuildFile; fileRef = EDC8734F2A4AC86100118CDF /* Preview Assets.xcassets */; };
		EDC873582A4AFC6000118CDF /* Model.swift in Sources */ = {isa = PBXBuildFile; fileRef = EDC873572A4AFC6000118CDF /* Model.swift */; };
		EDC8735B2A4AFD0000118CDF /* DataService.swift in Sources */ = {isa = PBXBuildFile; fileRef = EDC8735A2A4AFD0000118CDF /* DataService.swift */; };
		EDC8735E2A4AFF0100118CDF /* TitlesViewModel.swift in Sources */ = {isa = PBXBuildFile; fileRef = EDC8735D2A4AFF0100118CDF /* TitlesViewModel.swift */; };
		EDC873602A4B1D6D00118CDF /* PostView.swift in Sources */ = {isa = PBXBuildFile; fileRef = EDC8735F2A4B1D6D00118CDF /* PostView.swift */; };
/* End PBXBuildFile section */

/* Begin PBXFileReference section */
		EDC873452A4AC85E00118CDF /* BlogPostSwiftUI.app */ = {isa = PBXFileReference; explicitFileType = wrapper.application; includeInIndex = 0; path = BlogPostSwiftUI.app; sourceTree = BUILT_PRODUCTS_DIR; };
		EDC873482A4AC85E00118CDF /* BlogPostSwiftUI.swift */ = {isa = PBXFileReference; lastKnownFileType = sourcecode.swift; path = BlogPostSwiftUI.swift; sourceTree = "<group>"; };
		EDC8734A2A4AC85E00118CDF /* TitleView.swift */ = {isa = PBXFileReference; lastKnownFileType = sourcecode.swift; path = TitleView.swift; sourceTree = "<group>"; };
		EDC8734C2A4AC86100118CDF /* Assets.xcassets */ = {isa = PBXFileReference; lastKnownFileType = folder.assetcatalog; path = Assets.xcassets; sourceTree = "<group>"; };
		EDC8734F2A4AC86100118CDF /* Preview Assets.xcassets */ = {isa = PBXFileReference; lastKnownFileType = folder.assetcatalog; path = "Preview Assets.xcassets"; sourceTree = "<group>"; };
		EDC873572A4AFC6000118CDF /* Model.swift */ = {isa = PBXFileReference; lastKnownFileType = sourcecode.swift; path = Model.swift; sourceTree = "<group>"; };
		EDC8735A2A4AFD0000118CDF /* DataService.swift */ = {isa = PBXFileReference; lastKnownFileType = sourcecode.swift; path = DataService.swift; sourceTree = "<group>"; };
		EDC8735D2A4AFF0100118CDF /* TitlesViewModel.swift */ = {isa = PBXFileReference; lastKnownFileType = sourcecode.swift; path = TitlesViewModel.swift; sourceTree = "<group>"; };
		EDC8735F2A4B1D6D00118CDF /* PostView.swift */ = {isa = PBXFileReference; lastKnownFileType = sourcecode.swift; path = PostView.swift; sourceTree = "<group>"; };
/* End PBXFileReference section */

/* Begin PBXFrameworksBuildPhase section */
		EDC873422A4AC85E00118CDF /* Frameworks */ = {
			isa = PBXFrameworksBuildPhase;
			buildActionMask = 2147483647;
			files = (
			);
			runOnlyForDeploymentPostprocessing = 0;
		};
/* End PBXFrameworksBuildPhase section */

/* Begin PBXGroup section */
		EDC8733C2A4AC85E00118CDF = {
			isa = PBXGroup;
			children = (
				EDC873472A4AC85E00118CDF /* BlogPostSwiftUI */,
				EDC873462A4AC85E00118CDF /* Products */,
			);
			sourceTree = "<group>";
		};
		EDC873462A4AC85E00118CDF /* Products */ = {
			isa = PBXGroup;
			children = (
				EDC873452A4AC85E00118CDF /* BlogPostSwiftUI.app */,
			);
			name = Products;
			sourceTree = "<group>";
		};
		EDC873472A4AC85E00118CDF /* BlogPostSwiftUI */ = {
			isa = PBXGroup;
			children = (
				EDC8735C2A4AFE3000118CDF /* ViewModel */,
				EDC873592A4AFCAD00118CDF /* DataModel */,
				EDC873562A4AFC3200118CDF /* Model */,
				EDC873482A4AC85E00118CDF /* BlogPostSwiftUI.swift */,
				EDC8734A2A4AC85E00118CDF /* TitleView.swift */,
				EDC8735F2A4B1D6D00118CDF /* PostView.swift */,
				EDC8734C2A4AC86100118CDF /* Assets.xcassets */,
				EDC8734E2A4AC86100118CDF /* Preview Content */,
			);
			path = BlogPostSwiftUI;
			sourceTree = "<group>";
		};
		EDC8734E2A4AC86100118CDF /* Preview Content */ = {
			isa = PBXGroup;
			children = (
				EDC8734F2A4AC86100118CDF /* Preview Assets.xcassets */,
			);
			path = "Preview Content";
			sourceTree = "<group>";
		};
		EDC873562A4AFC3200118CDF /* Model */ = {
			isa = PBXGroup;
			children = (
				EDC873572A4AFC6000118CDF /* Model.swift */,
			);
			path = Model;
			sourceTree = "<group>";
		};
		EDC873592A4AFCAD00118CDF /* DataModel */ = {
			isa = PBXGroup;
			children = (
				EDC8735A2A4AFD0000118CDF /* DataService.swift */,
			);
			path = DataModel;
			sourceTree = "<group>";
		};
		EDC8735C2A4AFE3000118CDF /* ViewModel */ = {
			isa = PBXGroup;
			children = (
				EDC8735D2A4AFF0100118CDF /* TitlesViewModel.swift */,
			);
			path = ViewModel;
			sourceTree = "<group>";
		};
/* End PBXGroup section */

/* Begin PBXNativeTarget section */
		EDC873442A4AC85E00118CDF /* BlogPostSwiftUI */ = {
			isa = PBXNativeTarget;
			buildConfigurationList = EDC873532A4AC86100118CDF /* Build configuration list for PBXNativeTarget "BlogPostSwiftUI" */;
			buildPhases = (
				EDC873412A4AC85E00118CDF /* Sources */,
				EDC873422A4AC85E00118CDF /* Frameworks */,
				EDC873432A4AC85E00118CDF /* Resources */,
			);
			buildRules = (
			);
			dependencies = (
			);
			name = BlogPostSwiftUI;
			productName = MyFirstSwiftUI;
			productReference = EDC873452A4AC85E00118CDF /* BlogPostSwiftUI.app */;
			productType = "com.apple.product-type.application";
		};
/* End PBXNativeTarget section */

/* Begin PBXProject section */
		EDC8733D2A4AC85E00118CDF /* Project object */ = {
			isa = PBXProject;
			attributes = {
				BuildIndependentTargetsInParallel = 1;
				LastSwiftUpdateCheck = 1430;
				LastUpgradeCheck = 1430;
				TargetAttributes = {
					EDC873442A4AC85E00118CDF = {
						CreatedOnToolsVersion = 14.3.1;
					};
				};
			};
			buildConfigurationList = EDC873402A4AC85E00118CDF /* Build configuration list for PBXProject "BlogPostSwiftUI" */;
			compatibilityVersion = "Xcode 14.0";
			developmentRegion = en;
			hasScannedForEncodings = 0;
			knownRegions = (
				en,
				Base,
			);
			mainGroup = EDC8733C2A4AC85E00118CDF;
			productRefGroup = EDC873462A4AC85E00118CDF /* Products */;
			projectDirPath = "";
			projectRoot = "";
			targets = (
				EDC873442A4AC85E00118CDF /* BlogPostSwiftUI */,
			);
		};
/* End PBXProject section */

/* Begin PBXResourcesBuildPhase section */
		EDC873432A4AC85E00118CDF /* Resources */ = {
			isa = PBXResourcesBuildPhase;
			buildActionMask = 2147483647;
			files = (
				EDC873502A4AC86100118CDF /* Preview Assets.xcassets in Resources */,
				EDC8734D2A4AC86100118CDF /* Assets.xcassets in Resources */,
			);
			runOnlyForDeploymentPostprocessing = 0;
		};
/* End PBXResourcesBuildPhase section */

/* Begin PBXSourcesBuildPhase section */
		EDC873412A4AC85E00118CDF /* Sources */ = {
			isa = PBXSourcesBuildPhase;
			buildActionMask = 2147483647;
			files = (
				EDC8735E2A4AFF0100118CDF /* TitlesViewModel.swift in Sources */,
				EDC873582A4AFC6000118CDF /* Model.swift in Sources */,
				EDC8734B2A4AC85E00118CDF /* TitleView.swift in Sources */,
				EDC873492A4AC85E00118CDF /* BlogPostSwiftUI.swift in Sources */,
				EDC873602A4B1D6D00118CDF /* PostView.swift in Sources */,
				EDC8735B2A4AFD0000118CDF /* DataService.swift in Sources */,
			);
			runOnlyForDeploymentPostprocessing = 0;
		};
/* End PBXSourcesBuildPhase section */

/* Begin XCBuildConfiguration section */
		EDC873512A4AC86100118CDF /* Debug */ = {
			isa = XCBuildConfiguration;
			buildSettings = {
				ALWAYS_SEARCH_USER_PATHS = NO;
				CLANG_ANALYZER_NONNULL = YES;
				CLANG_ANALYZER_NUMBER_OBJECT_CONVERSION = YES_AGGRESSIVE;
				CLANG_CXX_LANGUAGE_STANDARD = "gnu++20";
				CLANG_ENABLE_MODULES = YES;
				CLANG_ENABLE_OBJC_ARC = YES;
				CLANG_ENABLE_OBJC_WEAK = YES;
				CLANG_WARN_BLOCK_CAPTURE_AUTORELEASING = YES;
				CLANG_WARN_BOOL_CONVERSION = YES;
				CLANG_WARN_COMMA = YES;
				CLANG_WARN_CONSTANT_CONVERSION = YES;
				CLANG_WARN_DEPRECATED_OBJC_IMPLEMENTATIONS = YES;
				CLANG_WARN_DIRECT_OBJC_ISA_USAGE = YES_ERROR;
				CLANG_WARN_DOCUMENTATION_COMMENTS = YES;
				CLANG_WARN_EMPTY_BODY = YES;
				CLANG_WARN_ENUM_CONVERSION = YES;
				CLANG_WARN_INFINITE_RECURSION = YES;
				CLANG_WARN_INT_CONVERSION = YES;
				CLANG_WARN_NON_LITERAL_NULL_CONVERSION = YES;
				CLANG_WARN_OBJC_IMPLICIT_RETAIN_SELF = YES;
				CLANG_WARN_OBJC_LITERAL_CONVERSION = YES;
				CLANG_WARN_OBJC_ROOT_CLASS = YES_ERROR;
				CLANG_WARN_QUOTED_INCLUDE_IN_FRAMEWORK_HEADER = YES;
				CLANG_WARN_RANGE_LOOP_ANALYSIS = YES;
				CLANG_WARN_STRICT_PROTOTYPES = YES;
				CLANG_WARN_SUSPICIOUS_MOVE = YES;
				CLANG_WARN_UNGUARDED_AVAILABILITY = YES_AGGRESSIVE;
				CLANG_WARN_UNREACHABLE_CODE = YES;
				CLANG_WARN__DUPLICATE_METHOD_MATCH = YES;
				COPY_PHASE_STRIP = NO;
				DEBUG_INFORMATION_FORMAT = dwarf;
				ENABLE_STRICT_OBJC_MSGSEND = YES;
				ENABLE_TESTABILITY = YES;
				GCC_C_LANGUAGE_STANDARD = gnu11;
				GCC_DYNAMIC_NO_PIC = NO;
				GCC_NO_COMMON_BLOCKS = YES;
				GCC_OPTIMIZATION_LEVEL = 0;
				GCC_PREPROCESSOR_DEFINITIONS = (
					"DEBUG=1",
					"$(inherited)",
				);
				GCC_WARN_64_TO_32_BIT_CONVERSION = YES;
				GCC_WARN_ABOUT_RETURN_TYPE = YES_ERROR;
				GCC_WARN_UNDECLARED_SELECTOR = YES;
				GCC_WARN_UNINITIALIZED_AUTOS = YES_AGGRESSIVE;
				GCC_WARN_UNUSED_FUNCTION = YES;
				GCC_WARN_UNUSED_VARIABLE = YES;
				IPHONEOS_DEPLOYMENT_TARGET = 16.4;
				MTL_ENABLE_DEBUG_INFO = INCLUDE_SOURCE;
				MTL_FAST_MATH = YES;
				ONLY_ACTIVE_ARCH = YES;
				SDKROOT = iphoneos;
				SWIFT_ACTIVE_COMPILATION_CONDITIONS = DEBUG;
				SWIFT_OPTIMIZATION_LEVEL = "-Onone";
			};
			name = Debug;
		};
		EDC873522A4AC86100118CDF /* Release */ = {
			isa = XCBuildConfiguration;
			buildSettings = {
				ALWAYS_SEARCH_USER_PATHS = NO;
				CLANG_ANALYZER_NONNULL = YES;
				CLANG_ANALYZER_NUMBER_OBJECT_CONVERSION = YES_AGGRESSIVE;
				CLANG_CXX_LANGUAGE_STANDARD = "gnu++20";
				CLANG_ENABLE_MODULES = YES;
				CLANG_ENABLE_OBJC_ARC = YES;
				CLANG_ENABLE_OBJC_WEAK = YES;
				CLANG_WARN_BLOCK_CAPTURE_AUTORELEASING = YES;
				CLANG_WARN_BOOL_CONVERSION = YES;
				CLANG_WARN_COMMA = YES;
				CLANG_WARN_CONSTANT_CONVERSION = YES;
				CLANG_WARN_DEPRECATED_OBJC_IMPLEMENTATIONS = YES;
				CLANG_WARN_DIRECT_OBJC_ISA_USAGE = YES_ERROR;
				CLANG_WARN_DOCUMENTATION_COMMENTS = YES;
				CLANG_WARN_EMPTY_BODY = YES;
				CLANG_WARN_ENUM_CONVERSION = YES;
				CLANG_WARN_INFINITE_RECURSION = YES;
				CLANG_WARN_INT_CONVERSION = YES;
				CLANG_WARN_NON_LITERAL_NULL_CONVERSION = YES;
				CLANG_WARN_OBJC_IMPLICIT_RETAIN_SELF = YES;
				CLANG_WARN_OBJC_LITERAL_CONVERSION = YES;
				CLANG_WARN_OBJC_ROOT_CLASS = YES_ERROR;
				CLANG_WARN_QUOTED_INCLUDE_IN_FRAMEWORK_HEADER = YES;
				CLANG_WARN_RANGE_LOOP_ANALYSIS = YES;
				CLANG_WARN_STRICT_PROTOTYPES = YES;
				CLANG_WARN_SUSPICIOUS_MOVE = YES;
				CLANG_WARN_UNGUARDED_AVAILABILITY = YES_AGGRESSIVE;
				CLANG_WARN_UNREACHABLE_CODE = YES;
				CLANG_WARN__DUPLICATE_METHOD_MATCH = YES;
				COPY_PHASE_STRIP = NO;
				DEBUG_INFORMATION_FORMAT = "dwarf-with-dsym";
				ENABLE_NS_ASSERTIONS = NO;
				ENABLE_STRICT_OBJC_MSGSEND = YES;
				GCC_C_LANGUAGE_STANDARD = gnu11;
				GCC_NO_COMMON_BLOCKS = YES;
				GCC_WARN_64_TO_32_BIT_CONVERSION = YES;
				GCC_WARN_ABOUT_RETURN_TYPE = YES_ERROR;
				GCC_WARN_UNDECLARED_SELECTOR = YES;
				GCC_WARN_UNINITIALIZED_AUTOS = YES_AGGRESSIVE;
				GCC_WARN_UNUSED_FUNCTION = YES;
				GCC_WARN_UNUSED_VARIABLE = YES;
				IPHONEOS_DEPLOYMENT_TARGET = 16.4;
				MTL_ENABLE_DEBUG_INFO = NO;
				MTL_FAST_MATH = YES;
				SDKROOT = iphoneos;
				SWIFT_COMPILATION_MODE = wholemodule;
				SWIFT_OPTIMIZATION_LEVEL = "-O";
				VALIDATE_PRODUCT = YES;
			};
			name = Release;
		};
		EDC873542A4AC86100118CDF /* Debug */ = {
			isa = XCBuildConfiguration;
			buildSettings = {
				ASSETCATALOG_COMPILER_APPICON_NAME = AppIcon;
				ASSETCATALOG_COMPILER_GLOBAL_ACCENT_COLOR_NAME = AccentColor;
				CODE_SIGN_STYLE = Automatic;
				CURRENT_PROJECT_VERSION = 1;
				DEVELOPMENT_ASSET_PATHS = "\"BlogPostSwiftUI/Preview Content\"";
				ENABLE_PREVIEWS = YES;
				GENERATE_INFOPLIST_FILE = YES;
				INFOPLIST_KEY_UIApplicationSceneManifest_Generation = YES;
				INFOPLIST_KEY_UIApplicationSupportsIndirectInputEvents = YES;
				INFOPLIST_KEY_UILaunchScreen_Generation = YES;
				INFOPLIST_KEY_UISupportedInterfaceOrientations_iPad = "UIInterfaceOrientationPortrait UIInterfaceOrientationPortraitUpsideDown UIInterfaceOrientationLandscapeLeft UIInterfaceOrientationLandscapeRight";
				INFOPLIST_KEY_UISupportedInterfaceOrientations_iPhone = "UIInterfaceOrientationPortrait UIInterfaceOrientationLandscapeLeft UIInterfaceOrientationLandscapeRight";
				LD_RUNPATH_SEARCH_PATHS = (
					"$(inherited)",
					"@executable_path/Frameworks",
				);
				MARKETING_VERSION = 1.0;
				PRODUCT_BUNDLE_IDENTIFIER = Exercises.MyFirstSwiftUI;
				PRODUCT_NAME = "$(TARGET_NAME)";
				SWIFT_EMIT_LOC_STRINGS = YES;
				SWIFT_VERSION = 5.0;
				TARGETED_DEVICE_FAMILY = "1,2";
			};
			name = Debug;
		};
		EDC873552A4AC86100118CDF /* Release */ = {
			isa = XCBuildConfiguration;
			buildSettings = {
				ASSETCATALOG_COMPILER_APPICON_NAME = AppIcon;
				ASSETCATALOG_COMPILER_GLOBAL_ACCENT_COLOR_NAME = AccentColor;
				CODE_SIGN_STYLE = Automatic;
				CURRENT_PROJECT_VERSION = 1;
				DEVELOPMENT_ASSET_PATHS = "\"BlogPostSwiftUI/Preview Content\"";
				ENABLE_PREVIEWS = YES;
				GENERATE_INFOPLIST_FILE = YES;
				INFOPLIST_KEY_UIApplicationSceneManifest_Generation = YES;
				INFOPLIST_KEY_UIApplicationSupportsIndirectInputEvents = YES;
				INFOPLIST_KEY_UILaunchScreen_Generation = YES;
				INFOPLIST_KEY_UISupportedInterfaceOrientations_iPad = "UIInterfaceOrientationPortrait UIInterfaceOrientationPortraitUpsideDown UIInterfaceOrientationLandscapeLeft UIInterfaceOrientationLandscapeRight";
				INFOPLIST_KEY_UISupportedInterfaceOrientations_iPhone = "UIInterfaceOrientationPortrait UIInterfaceOrientationLandscapeLeft UIInterfaceOrientationLandscapeRight";
				LD_RUNPATH_SEARCH_PATHS = (
					"$(inherited)",
					"@executable_path/Frameworks",
				);
				MARKETING_VERSION = 1.0;
				PRODUCT_BUNDLE_IDENTIFIER = Exercises.MyFirstSwiftUI;
				PRODUCT_NAME = "$(TARGET_NAME)";
				SWIFT_EMIT_LOC_STRINGS = YES;
				SWIFT_VERSION = 5.0;
				TARGETED_DEVICE_FAMILY = "1,2";
			};
			name = Release;
		};
/* End XCBuildConfiguration section */

/* Begin XCConfigurationList section */
		EDC873402A4AC85E00118CDF /* Build configuration list for PBXProject "BlogPostSwiftUI" */ = {
			isa = XCConfigurationList;
			buildConfigurations = (
				EDC873512A4AC86100118CDF /* Debug */,
				EDC873522A4AC86100118CDF /* Release */,
			);
			defaultConfigurationIsVisible = 0;
			defaultConfigurationName = Release;
		};
		EDC873532A4AC86100118CDF /* Build configuration list for PBXNativeTarget "BlogPostSwiftUI" */ = {
			isa = XCConfigurationList;
			buildConfigurations = (
				EDC873542A4AC86100118CDF /* Debug */,
				EDC873552A4AC86100118CDF /* Release */,
			);
			defaultConfigurationIsVisible = 0;
			defaultConfigurationName = Release;
		};
/* End XCConfigurationList section */
	};
	rootObject = EDC8733D2A4AC85E00118CDF /* Project object */;
}
